// !$*UTF8*$!
{
	archiveVersion = 1;
	classes = {
	};
	objectVersion = 46;
	objects = {

/* Begin PBXBuildFile section */
		850406CC18971DF100DD15AF /* bt_comofunciona.png in Resources */ = {isa = PBXBuildFile; fileRef = 850406C918971DF100DD15AF /* bt_comofunciona.png */; };
		850406CD18971DF100DD15AF /* bt_fechar.png in Resources */ = {isa = PBXBuildFile; fileRef = 850406CA18971DF100DD15AF /* bt_fechar.png */; };
		850406CE18971DF100DD15AF /* bt_ok.png in Resources */ = {isa = PBXBuildFile; fileRef = 850406CB18971DF100DD15AF /* bt_ok.png */; };
		850406D218971DF900DD15AF /* tela_1.png in Resources */ = {isa = PBXBuildFile; fileRef = 850406CF18971DF900DD15AF /* tela_1.png */; };
		850406D318971DF900DD15AF /* tela_2.png in Resources */ = {isa = PBXBuildFile; fileRef = 850406D018971DF900DD15AF /* tela_2.png */; };
		850406D418971DF900DD15AF /* tela_3.png in Resources */ = {isa = PBXBuildFile; fileRef = 850406D118971DF900DD15AF /* tela_3.png */; };
		850406D61897296B00DD15AF /* locerylsound.mp3 in Resources */ = {isa = PBXBuildFile; fileRef = 850406D51897296B00DD15AF /* locerylsound.mp3 */; };
		8548DF5F189EDA060054FB92 /* 29.png in Resources */ = {isa = PBXBuildFile; fileRef = 8548DF58189EDA060054FB92 /* 29.png */; };
		8548DF60189EDA060054FB92 /* 58.png in Resources */ = {isa = PBXBuildFile; fileRef = 8548DF59189EDA060054FB92 /* 58.png */; };
		8548DF61189EDA060054FB92 /* 40.png in Resources */ = {isa = PBXBuildFile; fileRef = 8548DF5A189EDA060054FB92 /* 40.png */; };
		8548DF62189EDA060054FB92 /* 80.png in Resources */ = {isa = PBXBuildFile; fileRef = 8548DF5B189EDA060054FB92 /* 80.png */; };
		8548DF63189EDA060054FB92 /* 152.png in Resources */ = {isa = PBXBuildFile; fileRef = 8548DF5C189EDA060054FB92 /* 152.png */; };
		8548DF64189EDA060054FB92 /* 76.png in Resources */ = {isa = PBXBuildFile; fileRef = 8548DF5D189EDA060054FB92 /* 76.png */; };
		8548DF65189EDA060054FB92 /* 120.png in Resources */ = {isa = PBXBuildFile; fileRef = 8548DF5E189EDA060054FB92 /* 120.png */; };
		8548DF67189EE06B0054FB92 /* tela_1 ajustada.png in Resources */ = {isa = PBXBuildFile; fileRef = 8548DF66189EE06B0054FB92 /* tela_1 ajustada.png */; };
		855BE4951869C8F90031546C /* AlarmViewController.m in Sources */ = {isa = PBXBuildFile; fileRef = 855BE4941869C8F90031546C /* AlarmViewController.m */; };
		85A690AD18AD85A900351FCC /* screenshot1_ipad.png in Resources */ = {isa = PBXBuildFile; fileRef = 85A690AA18AD85A900351FCC /* screenshot1_ipad.png */; };
		85A690AE18AD85A900351FCC /* screenshot1_iphone5.png in Resources */ = {isa = PBXBuildFile; fileRef = 85A690AB18AD85A900351FCC /* screenshot1_iphone5.png */; };
		85A690AF18AD85A900351FCC /* screenshot1_iphone.png in Resources */ = {isa = PBXBuildFile; fileRef = 85A690AC18AD85A900351FCC /* screenshot1_iphone.png */; };
		85DEB3CA1850C1C6002D6A98 /* Foundation.framework in Frameworks */ = {isa = PBXBuildFile; fileRef = 85DEB3C91850C1C6002D6A98 /* Foundation.framework */; };
		85DEB3CC1850C1C6002D6A98 /* CoreGraphics.framework in Frameworks */ = {isa = PBXBuildFile; fileRef = 85DEB3CB1850C1C6002D6A98 /* CoreGraphics.framework */; };
		85DEB3CE1850C1C6002D6A98 /* UIKit.framework in Frameworks */ = {isa = PBXBuildFile; fileRef = 85DEB3CD1850C1C6002D6A98 /* UIKit.framework */; };
		85DEB3D41850C1C6002D6A98 /* InfoPlist.strings in Resources */ = {isa = PBXBuildFile; fileRef = 85DEB3D21850C1C6002D6A98 /* InfoPlist.strings */; };
		85DEB3D61850C1C6002D6A98 /* main.m in Sources */ = {isa = PBXBuildFile; fileRef = 85DEB3D51850C1C6002D6A98 /* main.m */; };
		85DEB3DA1850C1C6002D6A98 /* AppDelegate.m in Sources */ = {isa = PBXBuildFile; fileRef = 85DEB3D91850C1C6002D6A98 /* AppDelegate.m */; };
		85DEB3DD1850C1C6002D6A98 /* Main_iPhone.storyboard in Resources */ = {isa = PBXBuildFile; fileRef = 85DEB3DB1850C1C6002D6A98 /* Main_iPhone.storyboard */; };
		85DEB3E01850C1C6002D6A98 /* Main_iPad.storyboard in Resources */ = {isa = PBXBuildFile; fileRef = 85DEB3DE1850C1C6002D6A98 /* Main_iPad.storyboard */; };
		85DEB3E31850C1C6002D6A98 /* ViewController.m in Sources */ = {isa = PBXBuildFile; fileRef = 85DEB3E21850C1C6002D6A98 /* ViewController.m */; };
		85DEB3E51850C1C6002D6A98 /* Images.xcassets in Resources */ = {isa = PBXBuildFile; fileRef = 85DEB3E41850C1C6002D6A98 /* Images.xcassets */; };
		85DEB3EC1850C1C6002D6A98 /* XCTest.framework in Frameworks */ = {isa = PBXBuildFile; fileRef = 85DEB3EB1850C1C6002D6A98 /* XCTest.framework */; };
		85DEB3ED1850C1C6002D6A98 /* Foundation.framework in Frameworks */ = {isa = PBXBuildFile; fileRef = 85DEB3C91850C1C6002D6A98 /* Foundation.framework */; };
		85DEB3EE1850C1C6002D6A98 /* UIKit.framework in Frameworks */ = {isa = PBXBuildFile; fileRef = 85DEB3CD1850C1C6002D6A98 /* UIKit.framework */; };
		85DEB3F61850C1C6002D6A98 /* InfoPlist.strings in Resources */ = {isa = PBXBuildFile; fileRef = 85DEB3F41850C1C6002D6A98 /* InfoPlist.strings */; };
		85DEB3F81850C1C6002D6A98 /* LocerylAlarmTests.m in Sources */ = {isa = PBXBuildFile; fileRef = 85DEB3F71850C1C6002D6A98 /* LocerylAlarmTests.m */; };
		85E97766189AFE2400B0886D /* BT_TERMINAR.png in Resources */ = {isa = PBXBuildFile; fileRef = 85E97765189AFE2400B0886D /* BT_TERMINAR.png */; };
/* End PBXBuildFile section */

/* Begin PBXContainerItemProxy section */
		85DEB3EF1850C1C6002D6A98 /* PBXContainerItemProxy */ = {
			isa = PBXContainerItemProxy;
			containerPortal = 85DEB3BE1850C1C6002D6A98 /* Project object */;
			proxyType = 1;
			remoteGlobalIDString = 85DEB3C51850C1C6002D6A98;
			remoteInfo = LocerylAlarm;
		};
/* End PBXContainerItemProxy section */

/* Begin PBXFileReference section */
		850406C918971DF100DD15AF /* bt_comofunciona.png */ = {isa = PBXFileReference; lastKnownFileType = image.png; path = bt_comofunciona.png; sourceTree = "<group>"; };
		850406CA18971DF100DD15AF /* bt_fechar.png */ = {isa = PBXFileReference; lastKnownFileType = image.png; path = bt_fechar.png; sourceTree = "<group>"; };
		850406CB18971DF100DD15AF /* bt_ok.png */ = {isa = PBXFileReference; lastKnownFileType = image.png; path = bt_ok.png; sourceTree = "<group>"; };
		850406CF18971DF900DD15AF /* tela_1.png */ = {isa = PBXFileReference; lastKnownFileType = image.png; path = tela_1.png; sourceTree = "<group>"; };
		850406D018971DF900DD15AF /* tela_2.png */ = {isa = PBXFileReference; lastKnownFileType = image.png; path = tela_2.png; sourceTree = "<group>"; };
		850406D118971DF900DD15AF /* tela_3.png */ = {isa = PBXFileReference; lastKnownFileType = image.png; path = tela_3.png; sourceTree = "<group>"; };
		850406D51897296B00DD15AF /* locerylsound.mp3 */ = {isa = PBXFileReference; lastKnownFileType = audio.mp3; path = locerylsound.mp3; sourceTree = "<group>"; };
		8548DF58189EDA060054FB92 /* 29.png */ = {isa = PBXFileReference; lastKnownFileType = image.png; path = 29.png; sourceTree = "<group>"; };
		8548DF59189EDA060054FB92 /* 58.png */ = {isa = PBXFileReference; lastKnownFileType = image.png; path = 58.png; sourceTree = "<group>"; };
		8548DF5A189EDA060054FB92 /* 40.png */ = {isa = PBXFileReference; lastKnownFileType = image.png; path = 40.png; sourceTree = "<group>"; };
		8548DF5B189EDA060054FB92 /* 80.png */ = {isa = PBXFileReference; lastKnownFileType = image.png; path = 80.png; sourceTree = "<group>"; };
		8548DF5C189EDA060054FB92 /* 152.png */ = {isa = PBXFileReference; lastKnownFileType = image.png; path = 152.png; sourceTree = "<group>"; };
		8548DF5D189EDA060054FB92 /* 76.png */ = {isa = PBXFileReference; lastKnownFileType = image.png; path = 76.png; sourceTree = "<group>"; };
		8548DF5E189EDA060054FB92 /* 120.png */ = {isa = PBXFileReference; lastKnownFileType = image.png; path = 120.png; sourceTree = "<group>"; };
		8548DF66189EE06B0054FB92 /* tela_1 ajustada.png */ = {isa = PBXFileReference; lastKnownFileType = image.png; path = "tela_1 ajustada.png"; sourceTree = "<group>"; };
		855BE4931869C8F90031546C /* AlarmViewController.h */ = {isa = PBXFileReference; fileEncoding = 4; lastKnownFileType = sourcecode.c.h; path = AlarmViewController.h; sourceTree = "<group>"; };
		855BE4941869C8F90031546C /* AlarmViewController.m */ = {isa = PBXFileReference; fileEncoding = 4; lastKnownFileType = sourcecode.c.objc; path = AlarmViewController.m; sourceTree = "<group>"; };
		85A690AA18AD85A900351FCC /* screenshot1_ipad.png */ = {isa = PBXFileReference; lastKnownFileType = image.png; path = screenshot1_ipad.png; sourceTree = "<group>"; };
		85A690AB18AD85A900351FCC /* screenshot1_iphone5.png */ = {isa = PBXFileReference; lastKnownFileType = image.png; path = screenshot1_iphone5.png; sourceTree = "<group>"; };
		85A690AC18AD85A900351FCC /* screenshot1_iphone.png */ = {isa = PBXFileReference; lastKnownFileType = image.png; path = screenshot1_iphone.png; sourceTree = "<group>"; };
		85DEB3C61850C1C6002D6A98 /* LocerylAlarm.app */ = {isa = PBXFileReference; explicitFileType = wrapper.application; includeInIndex = 0; path = LocerylAlarm.app; sourceTree = BUILT_PRODUCTS_DIR; };
		85DEB3C91850C1C6002D6A98 /* Foundation.framework */ = {isa = PBXFileReference; lastKnownFileType = wrapper.framework; name = Foundation.framework; path = System/Library/Frameworks/Foundation.framework; sourceTree = SDKROOT; };
		85DEB3CB1850C1C6002D6A98 /* CoreGraphics.framework */ = {isa = PBXFileReference; lastKnownFileType = wrapper.framework; name = CoreGraphics.framework; path = System/Library/Frameworks/CoreGraphics.framework; sourceTree = SDKROOT; };
		85DEB3CD1850C1C6002D6A98 /* UIKit.framework */ = {isa = PBXFileReference; lastKnownFileType = wrapper.framework; name = UIKit.framework; path = System/Library/Frameworks/UIKit.framework; sourceTree = SDKROOT; };
		85DEB3D11850C1C6002D6A98 /* LocerylAlarm-Info.plist */ = {isa = PBXFileReference; lastKnownFileType = text.plist.xml; path = "LocerylAlarm-Info.plist"; sourceTree = "<group>"; };
		85DEB3D31850C1C6002D6A98 /* en */ = {isa = PBXFileReference; lastKnownFileType = text.plist.strings; name = en; path = en.lproj/InfoPlist.strings; sourceTree = "<group>"; };
		85DEB3D51850C1C6002D6A98 /* main.m */ = {isa = PBXFileReference; lastKnownFileType = sourcecode.c.objc; path = main.m; sourceTree = "<group>"; };
		85DEB3D71850C1C6002D6A98 /* LocerylAlarm-Prefix.pch */ = {isa = PBXFileReference; lastKnownFileType = sourcecode.c.h; path = "LocerylAlarm-Prefix.pch"; sourceTree = "<group>"; };
		85DEB3D81850C1C6002D6A98 /* AppDelegate.h */ = {isa = PBXFileReference; lastKnownFileType = sourcecode.c.h; path = AppDelegate.h; sourceTree = "<group>"; };
		85DEB3D91850C1C6002D6A98 /* AppDelegate.m */ = {isa = PBXFileReference; lastKnownFileType = sourcecode.c.objc; path = AppDelegate.m; sourceTree = "<group>"; };
		85DEB3DC1850C1C6002D6A98 /* Base */ = {isa = PBXFileReference; lastKnownFileType = file.storyboard; name = Base; path = Base.lproj/Main_iPhone.storyboard; sourceTree = "<group>"; };
		85DEB3DF1850C1C6002D6A98 /* Base */ = {isa = PBXFileReference; lastKnownFileType = file.storyboard; name = Base; path = Base.lproj/Main_iPad.storyboard; sourceTree = "<group>"; };
		85DEB3E11850C1C6002D6A98 /* ViewController.h */ = {isa = PBXFileReference; lastKnownFileType = sourcecode.c.h; path = ViewController.h; sourceTree = "<group>"; };
		85DEB3E21850C1C6002D6A98 /* ViewController.m */ = {isa = PBXFileReference; lastKnownFileType = sourcecode.c.objc; path = ViewController.m; sourceTree = "<group>"; };
		85DEB3E41850C1C6002D6A98 /* Images.xcassets */ = {isa = PBXFileReference; lastKnownFileType = folder.assetcatalog; path = Images.xcassets; sourceTree = "<group>"; };
		85DEB3EA1850C1C6002D6A98 /* LocerylAlarmTests.xctest */ = {isa = PBXFileReference; explicitFileType = wrapper.cfbundle; includeInIndex = 0; path = LocerylAlarmTests.xctest; sourceTree = BUILT_PRODUCTS_DIR; };
		85DEB3EB1850C1C6002D6A98 /* XCTest.framework */ = {isa = PBXFileReference; lastKnownFileType = wrapper.framework; name = XCTest.framework; path = Library/Frameworks/XCTest.framework; sourceTree = DEVELOPER_DIR; };
		85DEB3F31850C1C6002D6A98 /* LocerylAlarmTests-Info.plist */ = {isa = PBXFileReference; lastKnownFileType = text.plist.xml; path = "LocerylAlarmTests-Info.plist"; sourceTree = "<group>"; };
		85DEB3F51850C1C6002D6A98 /* en */ = {isa = PBXFileReference; lastKnownFileType = text.plist.strings; name = en; path = en.lproj/InfoPlist.strings; sourceTree = "<group>"; };
		85DEB3F71850C1C6002D6A98 /* LocerylAlarmTests.m */ = {isa = PBXFileReference; lastKnownFileType = sourcecode.c.objc; path = LocerylAlarmTests.m; sourceTree = "<group>"; };
		85E97765189AFE2400B0886D /* BT_TERMINAR.png */ = {isa = PBXFileReference; lastKnownFileType = image.png; path = BT_TERMINAR.png; sourceTree = "<group>"; };
/* End PBXFileReference section */

/* Begin PBXFrameworksBuildPhase section */
		85DEB3C31850C1C6002D6A98 /* Frameworks */ = {
			isa = PBXFrameworksBuildPhase;
			buildActionMask = 2147483647;
			files = (
				85DEB3CC1850C1C6002D6A98 /* CoreGraphics.framework in Frameworks */,
				85DEB3CE1850C1C6002D6A98 /* UIKit.framework in Frameworks */,
				85DEB3CA1850C1C6002D6A98 /* Foundation.framework in Frameworks */,
			);
			runOnlyForDeploymentPostprocessing = 0;
		};
		85DEB3E71850C1C6002D6A98 /* Frameworks */ = {
			isa = PBXFrameworksBuildPhase;
			buildActionMask = 2147483647;
			files = (
				85DEB3EC1850C1C6002D6A98 /* XCTest.framework in Frameworks */,
				85DEB3EE1850C1C6002D6A98 /* UIKit.framework in Frameworks */,
				85DEB3ED1850C1C6002D6A98 /* Foundation.framework in Frameworks */,
			);
			runOnlyForDeploymentPostprocessing = 0;
		};
/* End PBXFrameworksBuildPhase section */

/* Begin PBXGroup section */
		850406C818971DDA00DD15AF /* Images */ = {
			isa = PBXGroup;
			children = (
				85A690B018AD85B400351FCC /* Launch */,
				8548DF57189ED4BD0054FB92 /* Icons */,
				850406CF18971DF900DD15AF /* tela_1.png */,
				8548DF66189EE06B0054FB92 /* tela_1 ajustada.png */,
				850406D018971DF900DD15AF /* tela_2.png */,
				85E97765189AFE2400B0886D /* BT_TERMINAR.png */,
				850406D118971DF900DD15AF /* tela_3.png */,
				850406C918971DF100DD15AF /* bt_comofunciona.png */,
				850406CA18971DF100DD15AF /* bt_fechar.png */,
				850406CB18971DF100DD15AF /* bt_ok.png */,
			);
			name = Images;
			sourceTree = "<group>";
		};
		8548DF57189ED4BD0054FB92 /* Icons */ = {
			isa = PBXGroup;
			children = (
				8548DF58189EDA060054FB92 /* 29.png */,
				8548DF59189EDA060054FB92 /* 58.png */,
				8548DF5A189EDA060054FB92 /* 40.png */,
				8548DF5B189EDA060054FB92 /* 80.png */,
				8548DF5C189EDA060054FB92 /* 152.png */,
				8548DF5D189EDA060054FB92 /* 76.png */,
				8548DF5E189EDA060054FB92 /* 120.png */,
			);
			name = Icons;
			sourceTree = "<group>";
		};
		85A690B018AD85B400351FCC /* Launch */ = {
			isa = PBXGroup;
			children = (
				85A690AA18AD85A900351FCC /* screenshot1_ipad.png */,
				85A690AB18AD85A900351FCC /* screenshot1_iphone5.png */,
				85A690AC18AD85A900351FCC /* screenshot1_iphone.png */,
			);
			name = Launch;
			sourceTree = "<group>";
		};
		85DEB3BD1850C1C6002D6A98 = {
			isa = PBXGroup;
			children = (
				85DEB3CF1850C1C6002D6A98 /* LocerylAlarm */,
				85DEB3F11850C1C6002D6A98 /* LocerylAlarmTests */,
				85DEB3C81850C1C6002D6A98 /* Frameworks */,
				85DEB3C71850C1C6002D6A98 /* Products */,
			);
			sourceTree = "<group>";
		};
		85DEB3C71850C1C6002D6A98 /* Products */ = {
			isa = PBXGroup;
			children = (
				85DEB3C61850C1C6002D6A98 /* LocerylAlarm.app */,
				85DEB3EA1850C1C6002D6A98 /* LocerylAlarmTests.xctest */,
			);
			name = Products;
			sourceTree = "<group>";
		};
		85DEB3C81850C1C6002D6A98 /* Frameworks */ = {
			isa = PBXGroup;
			children = (
				85DEB3C91850C1C6002D6A98 /* Foundation.framework */,
				85DEB3CB1850C1C6002D6A98 /* CoreGraphics.framework */,
				85DEB3CD1850C1C6002D6A98 /* UIKit.framework */,
				85DEB3EB1850C1C6002D6A98 /* XCTest.framework */,
			);
			name = Frameworks;
			sourceTree = "<group>";
		};
		85DEB3CF1850C1C6002D6A98 /* LocerylAlarm */ = {
			isa = PBXGroup;
			children = (
				850406C818971DDA00DD15AF /* Images */,
				85DEB3D81850C1C6002D6A98 /* AppDelegate.h */,
				85DEB3D91850C1C6002D6A98 /* AppDelegate.m */,
				855BE4931869C8F90031546C /* AlarmViewController.h */,
				855BE4941869C8F90031546C /* AlarmViewController.m */,
				85DEB3DB1850C1C6002D6A98 /* Main_iPhone.storyboard */,
				85DEB3DE1850C1C6002D6A98 /* Main_iPad.storyboard */,
				85DEB3E11850C1C6002D6A98 /* ViewController.h */,
				85DEB3E21850C1C6002D6A98 /* ViewController.m */,
				85DEB3E41850C1C6002D6A98 /* Images.xcassets */,
				85DEB3D01850C1C6002D6A98 /* Supporting Files */,
			);
			path = LocerylAlarm;
			sourceTree = "<group>";
		};
		85DEB3D01850C1C6002D6A98 /* Supporting Files */ = {
			isa = PBXGroup;
			children = (
				85DEB4031850CC16002D6A98 /* Sounds */,
				85DEB3D11850C1C6002D6A98 /* LocerylAlarm-Info.plist */,
				85DEB3D21850C1C6002D6A98 /* InfoPlist.strings */,
				85DEB3D51850C1C6002D6A98 /* main.m */,
				85DEB3D71850C1C6002D6A98 /* LocerylAlarm-Prefix.pch */,
			);
			name = "Supporting Files";
			sourceTree = "<group>";
		};
		85DEB3F11850C1C6002D6A98 /* LocerylAlarmTests */ = {
			isa = PBXGroup;
			children = (
				85DEB3F71850C1C6002D6A98 /* LocerylAlarmTests.m */,
				85DEB3F21850C1C6002D6A98 /* Supporting Files */,
			);
			path = LocerylAlarmTests;
			sourceTree = "<group>";
		};
		85DEB3F21850C1C6002D6A98 /* Supporting Files */ = {
			isa = PBXGroup;
			children = (
				85DEB3F31850C1C6002D6A98 /* LocerylAlarmTests-Info.plist */,
				85DEB3F41850C1C6002D6A98 /* InfoPlist.strings */,
			);
			name = "Supporting Files";
			sourceTree = "<group>";
		};
		85DEB4031850CC16002D6A98 /* Sounds */ = {
			isa = PBXGroup;
			children = (
				850406D51897296B00DD15AF /* locerylsound.mp3 */,
			);
			name = Sounds;
			sourceTree = "<group>";
		};
/* End PBXGroup section */

/* Begin PBXNativeTarget section */
		85DEB3C51850C1C6002D6A98 /* LocerylAlarm */ = {
			isa = PBXNativeTarget;
			buildConfigurationList = 85DEB3FB1850C1C6002D6A98 /* Build configuration list for PBXNativeTarget "LocerylAlarm" */;
			buildPhases = (
				85DEB3C21850C1C6002D6A98 /* Sources */,
				85DEB3C31850C1C6002D6A98 /* Frameworks */,
				85DEB3C41850C1C6002D6A98 /* Resources */,
			);
			buildRules = (
			);
			dependencies = (
			);
			name = LocerylAlarm;
			productName = LocerylAlarm;
			productReference = 85DEB3C61850C1C6002D6A98 /* LocerylAlarm.app */;
			productType = "com.apple.product-type.application";
		};
		85DEB3E91850C1C6002D6A98 /* LocerylAlarmTests */ = {
			isa = PBXNativeTarget;
			buildConfigurationList = 85DEB3FE1850C1C6002D6A98 /* Build configuration list for PBXNativeTarget "LocerylAlarmTests" */;
			buildPhases = (
				85DEB3E61850C1C6002D6A98 /* Sources */,
				85DEB3E71850C1C6002D6A98 /* Frameworks */,
				85DEB3E81850C1C6002D6A98 /* Resources */,
			);
			buildRules = (
			);
			dependencies = (
				85DEB3F01850C1C6002D6A98 /* PBXTargetDependency */,
			);
			name = LocerylAlarmTests;
			productName = LocerylAlarmTests;
			productReference = 85DEB3EA1850C1C6002D6A98 /* LocerylAlarmTests.xctest */;
			productType = "com.apple.product-type.bundle.unit-test";
		};
/* End PBXNativeTarget section */

/* Begin PBXProject section */
		85DEB3BE1850C1C6002D6A98 /* Project object */ = {
			isa = PBXProject;
			attributes = {
				LastUpgradeCheck = 0500;
				ORGANIZATIONNAME = "Giovanni Barreira Ferraro";
				TargetAttributes = {
					85DEB3C51850C1C6002D6A98 = {
						DevelopmentTeam = 4HXEV7R9G7;
					};
					85DEB3E91850C1C6002D6A98 = {
						TestTargetID = 85DEB3C51850C1C6002D6A98;
					};
				};
			};
			buildConfigurationList = 85DEB3C11850C1C6002D6A98 /* Build configuration list for PBXProject "LocerylAlarm" */;
			compatibilityVersion = "Xcode 3.2";
			developmentRegion = English;
			hasScannedForEncodings = 0;
			knownRegions = (
				en,
				Base,
			);
			mainGroup = 85DEB3BD1850C1C6002D6A98;
			productRefGroup = 85DEB3C71850C1C6002D6A98 /* Products */;
			projectDirPath = "";
			projectRoot = "";
			targets = (
				85DEB3C51850C1C6002D6A98 /* LocerylAlarm */,
				85DEB3E91850C1C6002D6A98 /* LocerylAlarmTests */,
			);
		};
/* End PBXProject section */

/* Begin PBXResourcesBuildPhase section */
		85DEB3C41850C1C6002D6A98 /* Resources */ = {
			isa = PBXResourcesBuildPhase;
			buildActionMask = 2147483647;
			files = (
				8548DF5F189EDA060054FB92 /* 29.png in Resources */,
				8548DF67189EE06B0054FB92 /* tela_1 ajustada.png in Resources */,
				8548DF63189EDA060054FB92 /* 152.png in Resources */,
				8548DF62189EDA060054FB92 /* 80.png in Resources */,
				85DEB3E01850C1C6002D6A98 /* Main_iPad.storyboard in Resources */,
				850406D61897296B00DD15AF /* locerylsound.mp3 in Resources */,
				85A690AE18AD85A900351FCC /* screenshot1_iphone5.png in Resources */,
				850406D218971DF900DD15AF /* tela_1.png in Resources */,
				85DEB3E51850C1C6002D6A98 /* Images.xcassets in Resources */,
				85A690AD18AD85A900351FCC /* screenshot1_ipad.png in Resources */,
				8548DF61189EDA060054FB92 /* 40.png in Resources */,
				850406CC18971DF100DD15AF /* bt_comofunciona.png in Resources */,
				85E97766189AFE2400B0886D /* BT_TERMINAR.png in Resources */,
				850406D318971DF900DD15AF /* tela_2.png in Resources */,
				8548DF60189EDA060054FB92 /* 58.png in Resources */,
				850406D418971DF900DD15AF /* tela_3.png in Resources */,
				850406CE18971DF100DD15AF /* bt_ok.png in Resources */,
				8548DF64189EDA060054FB92 /* 76.png in Resources */,
				850406CD18971DF100DD15AF /* bt_fechar.png in Resources */,
				85A690AF18AD85A900351FCC /* screenshot1_iphone.png in Resources */,
				85DEB3DD1850C1C6002D6A98 /* Main_iPhone.storyboard in Resources */,
				85DEB3D41850C1C6002D6A98 /* InfoPlist.strings in Resources */,
				8548DF65189EDA060054FB92 /* 120.png in Resources */,
			);
			runOnlyForDeploymentPostprocessing = 0;
		};
		85DEB3E81850C1C6002D6A98 /* Resources */ = {
			isa = PBXResourcesBuildPhase;
			buildActionMask = 2147483647;
			files = (
				85DEB3F61850C1C6002D6A98 /* InfoPlist.strings in Resources */,
			);
			runOnlyForDeploymentPostprocessing = 0;
		};
/* End PBXResourcesBuildPhase section */

/* Begin PBXSourcesBuildPhase section */
		85DEB3C21850C1C6002D6A98 /* Sources */ = {
			isa = PBXSourcesBuildPhase;
			buildActionMask = 2147483647;
			files = (
				855BE4951869C8F90031546C /* AlarmViewController.m in Sources */,
				85DEB3E31850C1C6002D6A98 /* ViewController.m in Sources */,
				85DEB3DA1850C1C6002D6A98 /* AppDelegate.m in Sources */,
				85DEB3D61850C1C6002D6A98 /* main.m in Sources */,
			);
			runOnlyForDeploymentPostprocessing = 0;
		};
		85DEB3E61850C1C6002D6A98 /* Sources */ = {
			isa = PBXSourcesBuildPhase;
			buildActionMask = 2147483647;
			files = (
				85DEB3F81850C1C6002D6A98 /* LocerylAlarmTests.m in Sources */,
			);
			runOnlyForDeploymentPostprocessing = 0;
		};
/* End PBXSourcesBuildPhase section */

/* Begin PBXTargetDependency section */
		85DEB3F01850C1C6002D6A98 /* PBXTargetDependency */ = {
			isa = PBXTargetDependency;
			target = 85DEB3C51850C1C6002D6A98 /* LocerylAlarm */;
			targetProxy = 85DEB3EF1850C1C6002D6A98 /* PBXContainerItemProxy */;
		};
/* End PBXTargetDependency section */

/* Begin PBXVariantGroup section */
		85DEB3D21850C1C6002D6A98 /* InfoPlist.strings */ = {
			isa = PBXVariantGroup;
			children = (
				85DEB3D31850C1C6002D6A98 /* en */,
			);
			name = InfoPlist.strings;
			sourceTree = "<group>";
		};
		85DEB3DB1850C1C6002D6A98 /* Main_iPhone.storyboard */ = {
			isa = PBXVariantGroup;
			children = (
				85DEB3DC1850C1C6002D6A98 /* Base */,
			);
			name = Main_iPhone.storyboard;
			sourceTree = "<group>";
		};
		85DEB3DE1850C1C6002D6A98 /* Main_iPad.storyboard */ = {
			isa = PBXVariantGroup;
			children = (
				85DEB3DF1850C1C6002D6A98 /* Base */,
			);
			name = Main_iPad.storyboard;
			sourceTree = "<group>";
		};
		85DEB3F41850C1C6002D6A98 /* InfoPlist.strings */ = {
			isa = PBXVariantGroup;
			children = (
				85DEB3F51850C1C6002D6A98 /* en */,
			);
			name = InfoPlist.strings;
			sourceTree = "<group>";
		};
/* End PBXVariantGroup section */

/* Begin XCBuildConfiguration section */
		85DEB3F91850C1C6002D6A98 /* Debug */ = {
			isa = XCBuildConfiguration;
			buildSettings = {
				ALWAYS_SEARCH_USER_PATHS = NO;
				ARCHS = "$(ARCHS_STANDARD_INCLUDING_64_BIT)";
				CLANG_CXX_LANGUAGE_STANDARD = "gnu++0x";
				CLANG_CXX_LIBRARY = "libc++";
				CLANG_ENABLE_MODULES = YES;
				CLANG_ENABLE_OBJC_ARC = YES;
				CLANG_WARN_BOOL_CONVERSION = YES;
				CLANG_WARN_CONSTANT_CONVERSION = YES;
				CLANG_WARN_DIRECT_OBJC_ISA_USAGE = YES_ERROR;
				CLANG_WARN_EMPTY_BODY = YES;
				CLANG_WARN_ENUM_CONVERSION = YES;
				CLANG_WARN_INT_CONVERSION = YES;
				CLANG_WARN_OBJC_ROOT_CLASS = YES_ERROR;
				CLANG_WARN__DUPLICATE_METHOD_MATCH = YES;
				"CODE_SIGN_IDENTITY[sdk=iphoneos*]" = "iPhone Developer";
				COPY_PHASE_STRIP = NO;
				GCC_C_LANGUAGE_STANDARD = gnu99;
				GCC_DYNAMIC_NO_PIC = NO;
				GCC_OPTIMIZATION_LEVEL = 0;
				GCC_PREPROCESSOR_DEFINITIONS = (
					"DEBUG=1",
					"$(inherited)",
				);
				GCC_SYMBOLS_PRIVATE_EXTERN = NO;
				GCC_WARN_64_TO_32_BIT_CONVERSION = YES;
				GCC_WARN_ABOUT_RETURN_TYPE = YES_ERROR;
				GCC_WARN_UNDECLARED_SELECTOR = YES;
				GCC_WARN_UNINITIALIZED_AUTOS = YES;
				GCC_WARN_UNUSED_FUNCTION = YES;
				GCC_WARN_UNUSED_VARIABLE = YES;
				IPHONEOS_DEPLOYMENT_TARGET = 7.0;
				ONLY_ACTIVE_ARCH = YES;
				SDKROOT = iphoneos;
				TARGETED_DEVICE_FAMILY = "1,2";
			};
			name = Debug;
		};
		85DEB3FA1850C1C6002D6A98 /* Release */ = {
			isa = XCBuildConfiguration;
			buildSettings = {
				ALWAYS_SEARCH_USER_PATHS = NO;
				ARCHS = "$(ARCHS_STANDARD_INCLUDING_64_BIT)";
				CLANG_CXX_LANGUAGE_STANDARD = "gnu++0x";
				CLANG_CXX_LIBRARY = "libc++";
				CLANG_ENABLE_MODULES = YES;
				CLANG_ENABLE_OBJC_ARC = YES;
				CLANG_WARN_BOOL_CONVERSION = YES;
				CLANG_WARN_CONSTANT_CONVERSION = YES;
				CLANG_WARN_DIRECT_OBJC_ISA_USAGE = YES_ERROR;
				CLANG_WARN_EMPTY_BODY = YES;
				CLANG_WARN_ENUM_CONVERSION = YES;
				CLANG_WARN_INT_CONVERSION = YES;
				CLANG_WARN_OBJC_ROOT_CLASS = YES_ERROR;
				CLANG_WARN__DUPLICATE_METHOD_MATCH = YES;
				"CODE_SIGN_IDENTITY[sdk=iphoneos*]" = "iPhone Developer";
				COPY_PHASE_STRIP = YES;
				ENABLE_NS_ASSERTIONS = NO;
				GCC_C_LANGUAGE_STANDARD = gnu99;
				GCC_WARN_64_TO_32_BIT_CONVERSION = YES;
				GCC_WARN_ABOUT_RETURN_TYPE = YES_ERROR;
				GCC_WARN_UNDECLARED_SELECTOR = YES;
				GCC_WARN_UNINITIALIZED_AUTOS = YES;
				GCC_WARN_UNUSED_FUNCTION = YES;
				GCC_WARN_UNUSED_VARIABLE = YES;
				IPHONEOS_DEPLOYMENT_TARGET = 7.0;
				SDKROOT = iphoneos;
				TARGETED_DEVICE_FAMILY = "1,2";
				VALIDATE_PRODUCT = YES;
			};
			name = Release;
		};
		85DEB3FC1850C1C6002D6A98 /* Debug */ = {
			isa = XCBuildConfiguration;
			buildSettings = {
				ASSETCATALOG_COMPILER_APPICON_NAME = AppIcon;
				CODE_SIGN_IDENTITY = "iPhone Developer: Ricardo de Andrade (3W5AUTMM4A)";
				"CODE_SIGN_IDENTITY[sdk=iphoneos*]" = "iPhone Developer: Ricardo de Andrade (3W5AUTMM4A)";
				GCC_PRECOMPILE_PREFIX_HEADER = YES;
				GCC_PREFIX_HEADER = "LocerylAlarm/LocerylAlarm-Prefix.pch";
				INFOPLIST_FILE = "LocerylAlarm/LocerylAlarm-Info.plist";
				PRODUCT_NAME = "$(TARGET_NAME)";
				PROVISIONING_PROFILE = "E4A3A5B0-B200-4EAE-A861-D3F608F58F56";
				WRAPPER_EXTENSION = app;
			};
			name = Debug;
		};
		85DEB3FD1850C1C6002D6A98 /* Release */ = {
			isa = XCBuildConfiguration;
			buildSettings = {
				ASSETCATALOG_COMPILER_APPICON_NAME = AppIcon;
				CODE_SIGN_IDENTITY = "iPhone Distribution: Ricardo Andrade (4HXEV7R9G7)";
				"CODE_SIGN_IDENTITY[sdk=iphoneos*]" = "iPhone Distribution: Ricardo Andrade (4HXEV7R9G7)";
				GCC_PRECOMPILE_PREFIX_HEADER = YES;
				GCC_PREFIX_HEADER = "LocerylAlarm/LocerylAlarm-Prefix.pch";
				INFOPLIST_FILE = "LocerylAlarm/LocerylAlarm-Info.plist";
				PRODUCT_NAME = "$(TARGET_NAME)";
				PROVISIONING_PROFILE = "544CB5CF-01D8-47BD-BEC5-04F459F3F710";
				WRAPPER_EXTENSION = app;
			};
			name = Release;
		};
		85DEB3FF1850C1C6002D6A98 /* Debug */ = {
			isa = XCBuildConfiguration;
			buildSettings = {
				ARCHS = "$(ARCHS_STANDARD_INCLUDING_64_BIT)";
				BUNDLE_LOADER = "$(BUILT_PRODUCTS_DIR)/LocerylAlarm.app/LocerylAlarm";
				FRAMEWORK_SEARCH_PATHS = (
					"$(SDKROOT)/Developer/Library/Frameworks",
					"$(inherited)",
					"$(DEVELOPER_FRAMEWORKS_DIR)",
				);
				GCC_PRECOMPILE_PREFIX_HEADER = YES;
				GCC_PREFIX_HEADER = "LocerylAlarm/LocerylAlarm-Prefix.pch";
				GCC_PREPROCESSOR_DEFINITIONS = (
					"DEBUG=1",
					"$(inherited)",
				);
				INFOPLIST_FILE = "LocerylAlarmTests/LocerylAlarmTests-Info.plist";
				PRODUCT_NAME = "$(TARGET_NAME)";
				TEST_HOST = "$(BUNDLE_LOADER)";
				WRAPPER_EXTENSION = xctest;
			};
			name = Debug;
		};
		85DEB4001850C1C6002D6A98 /* Release */ = {
			isa = XCBuildConfiguration;
			buildSettings = {
				ARCHS = "$(ARCHS_STANDARD_INCLUDING_64_BIT)";
				BUNDLE_LOADER = "$(BUILT_PRODUCTS_DIR)/LocerylAlarm.app/LocerylAlarm";
				FRAMEWORK_SEARCH_PATHS = (
					"$(SDKROOT)/Developer/Library/Frameworks",
					"$(inherited)",
					"$(DEVELOPER_FRAMEWORKS_DIR)",
				);
				GCC_PRECOMPILE_PREFIX_HEADER = YES;
				GCC_PREFIX_HEADER = "LocerylAlarm/LocerylAlarm-Prefix.pch";
				INFOPLIST_FILE = "LocerylAlarmTests/LocerylAlarmTests-Info.plist";
				PRODUCT_NAME = "$(TARGET_NAME)";
				TEST_HOST = "$(BUNDLE_LOADER)";
				WRAPPER_EXTENSION = xctest;
			};
			name = Release;
		};
/* End XCBuildConfiguration section */

/* Begin XCConfigurationList section */
		85DEB3C11850C1C6002D6A98 /* Build configuration list for PBXProject "LocerylAlarm" */ = {
			isa = XCConfigurationList;
			buildConfigurations = (
				85DEB3F91850C1C6002D6A98 /* Debug */,
				85DEB3FA1850C1C6002D6A98 /* Release */,
			);
			defaultConfigurationIsVisible = 0;
			defaultConfigurationName = Release;
		};
		85DEB3FB1850C1C6002D6A98 /* Build configuration list for PBXNativeTarget "LocerylAlarm" */ = {
			isa = XCConfigurationList;
			buildConfigurations = (
				85DEB3FC1850C1C6002D6A98 /* Debug */,
				85DEB3FD1850C1C6002D6A98 /* Release */,
			);
			defaultConfigurationIsVisible = 0;
			defaultConfigurationName = Release;
		};
		85DEB3FE1850C1C6002D6A98 /* Build configuration list for PBXNativeTarget "LocerylAlarmTests" */ = {
			isa = XCConfigurationList;
			buildConfigurations = (
				85DEB3FF1850C1C6002D6A98 /* Debug */,
				85DEB4001850C1C6002D6A98 /* Release */,
			);
			defaultConfigurationIsVisible = 0;
			defaultConfigurationName = Release;
		};
/* End XCConfigurationList section */
	};
	rootObject = 85DEB3BE1850C1C6002D6A98 /* Project object */;
}
